
Microsoft Visual Studio Solution File, Format Version 12.00
# Visual Studio 15
VisualStudioVersion = 15.0.28307.136
MinimumVisualStudioVersion = 10.0.40219.1
Project("{9A19103F-16F7-4668-BE54-9A1E7A4F7556}") = "ItemFinder", "ItemFinder\ItemFinder.csproj", "{D3CA0339-7AF8-4671-995B-0F4867C76967}"
EndProject
Project("{E53339B2-1760-4266-BCC7-CA923CBCF16C}") = "docker-compose", "docker-compose.dcproj", "{2D1905C4-965E-4A1D-AFD1-B735BA4AE344}"
EndProject
Global
	GlobalSection(SolutionConfigurationPlatforms) = preSolution
		Debug|Any CPU = Debug|Any CPU
		Release|Any CPU = Release|Any CPU
	EndGlobalSection
	GlobalSection(ProjectConfigurationPlatforms) = postSolution
		{D3CA0339-7AF8-4671-995B-0F4867C76967}.Debug|Any CPU.ActiveCfg = Debug|Any CPU
		{D3CA0339-7AF8-4671-995B-0F4867C76967}.Debug|Any CPU.Build.0 = Debug|Any CPU
		{D3CA0339-7AF8-4671-995B-0F4867C76967}.Release|Any CPU.ActiveCfg = Release|Any CPU
		{D3CA0339-7AF8-4671-995B-0F4867C76967}.Release|Any CPU.Build.0 = Release|Any CPU
		{2D1905C4-965E-4A1D-AFD1-B735BA4AE344}.Debug|Any CPU.ActiveCfg = Debug|Any CPU
		{2D1905C4-965E-4A1D-AFD1-B735BA4AE344}.Debug|Any CPU.Build.0 = Debug|Any CPU
		{2D1905C4-965E-4A1D-AFD1-B735BA4AE344}.Release|Any CPU.ActiveCfg = Release|Any CPU
		{2D1905C4-965E-4A1D-AFD1-B735BA4AE344}.Release|Any CPU.Build.0 = Release|Any CPU
	EndGlobalSection
	GlobalSection(SolutionProperties) = preSolution
		HideSolutionNode = FALSE
	EndGlobalSection
	GlobalSection(ExtensibilityGlobals) = postSolution
		SolutionGuid = {F35E5E18-14C2-4946-A291-D4FF60EE897F}
	EndGlobalSection
EndGlobal
